// !$*UTF8*$!
{
	archiveVersion = 1;
	classes = {
	};
	objectVersion = 56;
	objects = {

/* Begin PBXBuildFile section */
		4D4ABAF62C63ECB600E576C6 /* HelpForMumApp.swift in Sources */ = {isa = PBXBuildFile; fileRef = 4D4ABAF52C63ECB600E576C6 /* HelpForMumApp.swift */; };
		4D4ABAFA2C63ECB700E576C6 /* Assets.xcassets in Resources */ = {isa = PBXBuildFile; fileRef = 4D4ABAF92C63ECB700E576C6 /* Assets.xcassets */; };
		4D4ABAFD2C63ECB700E576C6 /* Preview Assets.xcassets in Resources */ = {isa = PBXBuildFile; fileRef = 4D4ABAFC2C63ECB700E576C6 /* Preview Assets.xcassets */; };
		4D4ABB072C63ECB800E576C6 /* TimeOfFoodViewModelTests.swift in Sources */ = {isa = PBXBuildFile; fileRef = 4D4ABB062C63ECB800E576C6 /* TimeOfFoodViewModelTests.swift */; };
		4D4ABB232C6A3DF900E576C6 /* Home.swift in Sources */ = {isa = PBXBuildFile; fileRef = 4D4ABB222C6A3DF900E576C6 /* Home.swift */; };
		4D4ABB252C6A3EB300E576C6 /* BreakfastLunchPoldnikDinnerHelp.swift in Sources */ = {isa = PBXBuildFile; fileRef = 4D4ABB242C6A3EB300E576C6 /* BreakfastLunchPoldnikDinnerHelp.swift */; };
		4D4ABB2B2C7CB4FC00E576C6 /* AddProductToBaseView.swift in Sources */ = {isa = PBXBuildFile; fileRef = 4D4ABB2A2C7CB4FC00E576C6 /* AddProductToBaseView.swift */; };
		4D4ABB2D2C7CBEE100E576C6 /* AddReactionToBaseView.swift in Sources */ = {isa = PBXBuildFile; fileRef = 4D4ABB2C2C7CBEE100E576C6 /* AddReactionToBaseView.swift */; };
		4D4ABB322C831C9400E576C6 /* ContentOfFoodIntakeView.swift in Sources */ = {isa = PBXBuildFile; fileRef = 4D4ABB312C831C9400E576C6 /* ContentOfFoodIntakeView.swift */; };
		4D4ABB3A2CA0539400E576C6 /* TabViewOfAll.swift in Sources */ = {isa = PBXBuildFile; fileRef = 4D4ABB392CA0539400E576C6 /* TabViewOfAll.swift */; };
		4D4ABB3C2CA05DA700E576C6 /* ProductViewModel.swift in Sources */ = {isa = PBXBuildFile; fileRef = 4D4ABB3B2CA05DA700E576C6 /* ProductViewModel.swift */; };
		4D4ABB3E2CA05E2C00E576C6 /* Manager.swift in Sources */ = {isa = PBXBuildFile; fileRef = 4D4ABB3D2CA05E2C00E576C6 /* Manager.swift */; };
		4D4ABB402CA0677500E576C6 /* FoodIntakeViewModel.swift in Sources */ = {isa = PBXBuildFile; fileRef = 4D4ABB3F2CA0677500E576C6 /* FoodIntakeViewModel.swift */; };
		4D4ABB422CA9B88700E576C6 /* TimeOfFoodViewModel.swift in Sources */ = {isa = PBXBuildFile; fileRef = 4D4ABB412CA9B88700E576C6 /* TimeOfFoodViewModel.swift */; };
		4D4ABB442CC3F61100E576C6 /* FoodIntakeViewModelTests.swift in Sources */ = {isa = PBXBuildFile; fileRef = 4D4ABB432CC3F61100E576C6 /* FoodIntakeViewModelTests.swift */; };
		4D4ABB462CC3FD5700E576C6 /* ProductViewModelTests.swift in Sources */ = {isa = PBXBuildFile; fileRef = 4D4ABB452CC3FD5700E576C6 /* ProductViewModelTests.swift */; };
		4D4ABB482CC4331900E576C6 /* AddProductToFoodIntakeView.swift in Sources */ = {isa = PBXBuildFile; fileRef = 4D4ABB472CC4331900E576C6 /* AddProductToFoodIntakeView.swift */; };
		4D4ABB4C2CCCCF3F00E576C6 /* AddFoodIntakeView.swift in Sources */ = {isa = PBXBuildFile; fileRef = 4D4ABB4B2CCCCF3F00E576C6 /* AddFoodIntakeView.swift */; };
		4D4ABB502CD0ECBA00E576C6 /* ReactionViewModel.swift in Sources */ = {isa = PBXBuildFile; fileRef = 4D4ABB4F2CD0ECBA00E576C6 /* ReactionViewModel.swift */; };
		4D4ABB522CD2855900E576C6 /* AddReactionToFoodIntakeView.swift in Sources */ = {isa = PBXBuildFile; fileRef = 4D4ABB512CD2855900E576C6 /* AddReactionToFoodIntakeView.swift */; };
		4DCB70EC2CD978DA00FCAB88 /* ContactWithDeveloperView.swift in Sources */ = {isa = PBXBuildFile; fileRef = 4DCB70EB2CD978DA00FCAB88 /* ContactWithDeveloperView.swift */; };
		4DCB70EE2CD983CB00FCAB88 /* ChartView.swift in Sources */ = {isa = PBXBuildFile; fileRef = 4DCB70ED2CD983CB00FCAB88 /* ChartView.swift */; };
		4DCB70F22CDB656300FCAB88 /* MealViewModel.swift in Sources */ = {isa = PBXBuildFile; fileRef = 4DCB70F12CDB656300FCAB88 /* MealViewModel.swift */; };
		4DCB70F42CDB776F00FCAB88 /* MealsView.swift in Sources */ = {isa = PBXBuildFile; fileRef = 4DCB70F32CDB776F00FCAB88 /* MealsView.swift */; };
		4DCB70F62CDB7EEE00FCAB88 /* AddMealToFoodIntakeView.swift in Sources */ = {isa = PBXBuildFile; fileRef = 4DCB70F52CDB7EEE00FCAB88 /* AddMealToFoodIntakeView.swift */; };
		4DCB70F82CDBF14000FCAB88 /* AddMealToBaseView.swift in Sources */ = {isa = PBXBuildFile; fileRef = 4DCB70F72CDBF14000FCAB88 /* AddMealToBaseView.swift */; };
		4DCB70FA2CDBF87000FCAB88 /* MealStructureView.swift in Sources */ = {isa = PBXBuildFile; fileRef = 4DCB70F92CDBF87000FCAB88 /* MealStructureView.swift */; };
		4DCB71002CDC149A00FCAB88 /* DataContainer.xcdatamodeld in Sources */ = {isa = PBXBuildFile; fileRef = 4DCB70FE2CDC149A00FCAB88 /* DataContainer.xcdatamodeld */; };
		4DCB710A2CDFCF0F00FCAB88 /* EditProductView.swift in Sources */ = {isa = PBXBuildFile; fileRef = 4DCB71092CDFCF0F00FCAB88 /* EditProductView.swift */; };
		4DCB710C2CDFD15F00FCAB88 /* EditReactionView.swift in Sources */ = {isa = PBXBuildFile; fileRef = 4DCB710B2CDFD15F00FCAB88 /* EditReactionView.swift */; };
		4DCB710E2CE0342C00FCAB88 /* ReactionViewModelTests.swift in Sources */ = {isa = PBXBuildFile; fileRef = 4DCB710D2CE0342C00FCAB88 /* ReactionViewModelTests.swift */; };
		4DCB71102CE0F6F300FCAB88 /* MealViewModelTests.swift in Sources */ = {isa = PBXBuildFile; fileRef = 4DCB710F2CE0F6F300FCAB88 /* MealViewModelTests.swift */; };
		4DCB71122CE1022600FCAB88 /* AnalyticsTests.swift in Sources */ = {isa = PBXBuildFile; fileRef = 4DCB71112CE1022600FCAB88 /* AnalyticsTests.swift */; };
		4DEB6F002CD411BE0076D658 /* ReactionsView.swift in Sources */ = {isa = PBXBuildFile; fileRef = 4DEB6EFF2CD411BE0076D658 /* ReactionsView.swift */; };
		4DEB6F022CD413F20076D658 /* AnalyticsOfReactionsAndProductsViewModel.swift in Sources */ = {isa = PBXBuildFile; fileRef = 4DEB6F012CD413F20076D658 /* AnalyticsOfReactionsAndProductsViewModel.swift */; };
		4DEB6F062CD65BD20076D658 /* ListView.swift in Sources */ = {isa = PBXBuildFile; fileRef = 4DEB6F052CD65BD20076D658 /* ListView.swift */; };
		4DEB6F0A2CD6F3A70076D658 /* HeightViewModel.swift in Sources */ = {isa = PBXBuildFile; fileRef = 4DEB6F092CD6F3A70076D658 /* HeightViewModel.swift */; };
		4DEB6F102CD7D2190076D658 /* AddHeightView.swift in Sources */ = {isa = PBXBuildFile; fileRef = 4DEB6F0F2CD7D2190076D658 /* AddHeightView.swift */; };
		4DEB6F122CD7DB6B0076D658 /* HeightAndWeightView.swift in Sources */ = {isa = PBXBuildFile; fileRef = 4DEB6F112CD7DB6B0076D658 /* HeightAndWeightView.swift */; };
		4DEB6F182CD7DF3B0076D658 /* WeightViewModel.swift in Sources */ = {isa = PBXBuildFile; fileRef = 4DEB6F172CD7DF3B0076D658 /* WeightViewModel.swift */; };
		4DEB6F1A2CD8D70E0076D658 /* AddWeightView.swift in Sources */ = {isa = PBXBuildFile; fileRef = 4DEB6F192CD8D70D0076D658 /* AddWeightView.swift */; };
/* End PBXBuildFile section */

/* Begin PBXContainerItemProxy section */
		4D4ABB032C63ECB800E576C6 /* PBXContainerItemProxy */ = {
			isa = PBXContainerItemProxy;
			containerPortal = 4D4ABAEA2C63ECB600E576C6 /* Project object */;
			proxyType = 1;
			remoteGlobalIDString = 4D4ABAF12C63ECB600E576C6;
			remoteInfo = HelpForMum;
		};
/* End PBXContainerItemProxy section */

/* Begin PBXFileReference section */
		4D4ABAF22C63ECB600E576C6 /* HelpForMum.app */ = {isa = PBXFileReference; explicitFileType = wrapper.application; includeInIndex = 0; path = HelpForMum.app; sourceTree = BUILT_PRODUCTS_DIR; };
		4D4ABAF52C63ECB600E576C6 /* HelpForMumApp.swift */ = {isa = PBXFileReference; lastKnownFileType = sourcecode.swift; path = HelpForMumApp.swift; sourceTree = "<group>"; };
		4D4ABAF92C63ECB700E576C6 /* Assets.xcassets */ = {isa = PBXFileReference; lastKnownFileType = folder.assetcatalog; path = Assets.xcassets; sourceTree = "<group>"; };
		4D4ABAFC2C63ECB700E576C6 /* Preview Assets.xcassets */ = {isa = PBXFileReference; lastKnownFileType = folder.assetcatalog; path = "Preview Assets.xcassets"; sourceTree = "<group>"; };
		4D4ABB022C63ECB800E576C6 /* HelpForMumTests.xctest */ = {isa = PBXFileReference; explicitFileType = wrapper.cfbundle; includeInIndex = 0; path = HelpForMumTests.xctest; sourceTree = BUILT_PRODUCTS_DIR; };
		4D4ABB062C63ECB800E576C6 /* TimeOfFoodViewModelTests.swift */ = {isa = PBXFileReference; lastKnownFileType = sourcecode.swift; path = TimeOfFoodViewModelTests.swift; sourceTree = "<group>"; };
		4D4ABB222C6A3DF900E576C6 /* Home.swift */ = {isa = PBXFileReference; lastKnownFileType = sourcecode.swift; path = Home.swift; sourceTree = "<group>"; };
		4D4ABB242C6A3EB300E576C6 /* BreakfastLunchPoldnikDinnerHelp.swift */ = {isa = PBXFileReference; lastKnownFileType = sourcecode.swift; path = BreakfastLunchPoldnikDinnerHelp.swift; sourceTree = "<group>"; };
		4D4ABB2A2C7CB4FC00E576C6 /* AddProductToBaseView.swift */ = {isa = PBXFileReference; lastKnownFileType = sourcecode.swift; path = AddProductToBaseView.swift; sourceTree = "<group>"; };
		4D4ABB2C2C7CBEE100E576C6 /* AddReactionToBaseView.swift */ = {isa = PBXFileReference; lastKnownFileType = sourcecode.swift; path = AddReactionToBaseView.swift; sourceTree = "<group>"; };
		4D4ABB312C831C9400E576C6 /* ContentOfFoodIntakeView.swift */ = {isa = PBXFileReference; lastKnownFileType = sourcecode.swift; path = ContentOfFoodIntakeView.swift; sourceTree = "<group>"; };
		4D4ABB392CA0539400E576C6 /* TabViewOfAll.swift */ = {isa = PBXFileReference; lastKnownFileType = sourcecode.swift; path = TabViewOfAll.swift; sourceTree = "<group>"; };
		4D4ABB3B2CA05DA700E576C6 /* ProductViewModel.swift */ = {isa = PBXFileReference; lastKnownFileType = sourcecode.swift; path = ProductViewModel.swift; sourceTree = "<group>"; };
		4D4ABB3D2CA05E2C00E576C6 /* Manager.swift */ = {isa = PBXFileReference; lastKnownFileType = sourcecode.swift; path = Manager.swift; sourceTree = "<group>"; };
		4D4ABB3F2CA0677500E576C6 /* FoodIntakeViewModel.swift */ = {isa = PBXFileReference; lastKnownFileType = sourcecode.swift; path = FoodIntakeViewModel.swift; sourceTree = "<group>"; };
		4D4ABB412CA9B88700E576C6 /* TimeOfFoodViewModel.swift */ = {isa = PBXFileReference; lastKnownFileType = sourcecode.swift; path = TimeOfFoodViewModel.swift; sourceTree = "<group>"; };
		4D4ABB432CC3F61100E576C6 /* FoodIntakeViewModelTests.swift */ = {isa = PBXFileReference; lastKnownFileType = sourcecode.swift; path = FoodIntakeViewModelTests.swift; sourceTree = "<group>"; };
		4D4ABB452CC3FD5700E576C6 /* ProductViewModelTests.swift */ = {isa = PBXFileReference; lastKnownFileType = sourcecode.swift; path = ProductViewModelTests.swift; sourceTree = "<group>"; };
		4D4ABB472CC4331900E576C6 /* AddProductToFoodIntakeView.swift */ = {isa = PBXFileReference; lastKnownFileType = sourcecode.swift; path = AddProductToFoodIntakeView.swift; sourceTree = "<group>"; };
		4D4ABB4B2CCCCF3F00E576C6 /* AddFoodIntakeView.swift */ = {isa = PBXFileReference; lastKnownFileType = sourcecode.swift; path = AddFoodIntakeView.swift; sourceTree = "<group>"; };
		4D4ABB4F2CD0ECBA00E576C6 /* ReactionViewModel.swift */ = {isa = PBXFileReference; lastKnownFileType = sourcecode.swift; path = ReactionViewModel.swift; sourceTree = "<group>"; };
		4D4ABB512CD2855900E576C6 /* AddReactionToFoodIntakeView.swift */ = {isa = PBXFileReference; lastKnownFileType = sourcecode.swift; path = AddReactionToFoodIntakeView.swift; sourceTree = "<group>"; };
		4DCB70EB2CD978DA00FCAB88 /* ContactWithDeveloperView.swift */ = {isa = PBXFileReference; lastKnownFileType = sourcecode.swift; path = ContactWithDeveloperView.swift; sourceTree = "<group>"; };
		4DCB70ED2CD983CB00FCAB88 /* ChartView.swift */ = {isa = PBXFileReference; lastKnownFileType = sourcecode.swift; path = ChartView.swift; sourceTree = "<group>"; };
		4DCB70F12CDB656300FCAB88 /* MealViewModel.swift */ = {isa = PBXFileReference; lastKnownFileType = sourcecode.swift; path = MealViewModel.swift; sourceTree = "<group>"; };
		4DCB70F32CDB776F00FCAB88 /* MealsView.swift */ = {isa = PBXFileReference; lastKnownFileType = sourcecode.swift; path = MealsView.swift; sourceTree = "<group>"; };
		4DCB70F52CDB7EEE00FCAB88 /* AddMealToFoodIntakeView.swift */ = {isa = PBXFileReference; lastKnownFileType = sourcecode.swift; path = AddMealToFoodIntakeView.swift; sourceTree = "<group>"; };
		4DCB70F72CDBF14000FCAB88 /* AddMealToBaseView.swift */ = {isa = PBXFileReference; lastKnownFileType = sourcecode.swift; path = AddMealToBaseView.swift; sourceTree = "<group>"; };
		4DCB70F92CDBF87000FCAB88 /* MealStructureView.swift */ = {isa = PBXFileReference; lastKnownFileType = sourcecode.swift; path = MealStructureView.swift; sourceTree = "<group>"; };
		4DCB70FF2CDC149A00FCAB88 /* Model.xcdatamodel */ = {isa = PBXFileReference; lastKnownFileType = wrapper.xcdatamodel; path = Model.xcdatamodel; sourceTree = "<group>"; };
		4DCB71092CDFCF0F00FCAB88 /* EditProductView.swift */ = {isa = PBXFileReference; lastKnownFileType = sourcecode.swift; path = EditProductView.swift; sourceTree = "<group>"; };
		4DCB710B2CDFD15F00FCAB88 /* EditReactionView.swift */ = {isa = PBXFileReference; lastKnownFileType = sourcecode.swift; path = EditReactionView.swift; sourceTree = "<group>"; };
		4DCB710D2CE0342C00FCAB88 /* ReactionViewModelTests.swift */ = {isa = PBXFileReference; lastKnownFileType = sourcecode.swift; path = ReactionViewModelTests.swift; sourceTree = "<group>"; };
		4DCB710F2CE0F6F300FCAB88 /* MealViewModelTests.swift */ = {isa = PBXFileReference; lastKnownFileType = sourcecode.swift; path = MealViewModelTests.swift; sourceTree = "<group>"; };
		4DCB71112CE1022600FCAB88 /* AnalyticsTests.swift */ = {isa = PBXFileReference; lastKnownFileType = sourcecode.swift; path = AnalyticsTests.swift; sourceTree = "<group>"; };
		4DEB6EFF2CD411BE0076D658 /* ReactionsView.swift */ = {isa = PBXFileReference; lastKnownFileType = sourcecode.swift; path = ReactionsView.swift; sourceTree = "<group>"; };
		4DEB6F012CD413F20076D658 /* AnalyticsOfReactionsAndProductsViewModel.swift */ = {isa = PBXFileReference; lastKnownFileType = sourcecode.swift; path = AnalyticsOfReactionsAndProductsViewModel.swift; sourceTree = "<group>"; };
		4DEB6F052CD65BD20076D658 /* ListView.swift */ = {isa = PBXFileReference; lastKnownFileType = sourcecode.swift; path = ListView.swift; sourceTree = "<group>"; };
		4DEB6F092CD6F3A70076D658 /* HeightViewModel.swift */ = {isa = PBXFileReference; lastKnownFileType = sourcecode.swift; path = HeightViewModel.swift; sourceTree = "<group>"; };
		4DEB6F0F2CD7D2190076D658 /* AddHeightView.swift */ = {isa = PBXFileReference; lastKnownFileType = sourcecode.swift; path = AddHeightView.swift; sourceTree = "<group>"; };
		4DEB6F112CD7DB6B0076D658 /* HeightAndWeightView.swift */ = {isa = PBXFileReference; lastKnownFileType = sourcecode.swift; path = HeightAndWeightView.swift; sourceTree = "<group>"; };
		4DEB6F172CD7DF3B0076D658 /* WeightViewModel.swift */ = {isa = PBXFileReference; lastKnownFileType = sourcecode.swift; path = WeightViewModel.swift; sourceTree = "<group>"; };
		4DEB6F192CD8D70D0076D658 /* AddWeightView.swift */ = {isa = PBXFileReference; lastKnownFileType = sourcecode.swift; path = AddWeightView.swift; sourceTree = "<group>"; };
/* End PBXFileReference section */

/* Begin PBXFrameworksBuildPhase section */
		4D4ABAEF2C63ECB600E576C6 /* Frameworks */ = {
			isa = PBXFrameworksBuildPhase;
			buildActionMask = 2147483647;
			files = (
			);
			runOnlyForDeploymentPostprocessing = 0;
		};
		4D4ABAFF2C63ECB800E576C6 /* Frameworks */ = {
			isa = PBXFrameworksBuildPhase;
			buildActionMask = 2147483647;
			files = (
			);
			runOnlyForDeploymentPostprocessing = 0;
		};
/* End PBXFrameworksBuildPhase section */

/* Begin PBXGroup section */
		4D4ABAE92C63ECB600E576C6 = {
			isa = PBXGroup;
			children = (
				4D4ABAF42C63ECB600E576C6 /* HelpForMum */,
				4D4ABB052C63ECB800E576C6 /* HelpForMumTests */,
				4D4ABAF32C63ECB600E576C6 /* Products */,
			);
			sourceTree = "<group>";
		};
		4D4ABAF32C63ECB600E576C6 /* Products */ = {
			isa = PBXGroup;
			children = (
				4D4ABAF22C63ECB600E576C6 /* HelpForMum.app */,
				4D4ABB022C63ECB800E576C6 /* HelpForMumTests.xctest */,
			);
			name = Products;
			sourceTree = "<group>";
		};
		4D4ABAF42C63ECB600E576C6 /* HelpForMum */ = {
			isa = PBXGroup;
			children = (
				4D4ABAF52C63ECB600E576C6 /* HelpForMumApp.swift */,
				4D4ABB212C6A3DB500E576C6 /* Models */,
				4D4ABB202C6A3D9D00E576C6 /* ViewModels */,
				4D4ABB1F2C6A3D8F00E576C6 /* Views */,
				4D4ABAF92C63ECB700E576C6 /* Assets.xcassets */,
				4D4ABAFB2C63ECB700E576C6 /* Preview Content */,
			);
			path = HelpForMum;
			sourceTree = "<group>";
		};
		4D4ABAFB2C63ECB700E576C6 /* Preview Content */ = {
			isa = PBXGroup;
			children = (
				4D4ABAFC2C63ECB700E576C6 /* Preview Assets.xcassets */,
			);
			path = "Preview Content";
			sourceTree = "<group>";
		};
		4D4ABB052C63ECB800E576C6 /* HelpForMumTests */ = {
			isa = PBXGroup;
			children = (
				4D4ABB062C63ECB800E576C6 /* TimeOfFoodViewModelTests.swift */,
				4D4ABB432CC3F61100E576C6 /* FoodIntakeViewModelTests.swift */,
				4D4ABB452CC3FD5700E576C6 /* ProductViewModelTests.swift */,
				4DCB710D2CE0342C00FCAB88 /* ReactionViewModelTests.swift */,
				4DCB710F2CE0F6F300FCAB88 /* MealViewModelTests.swift */,
				4DCB71112CE1022600FCAB88 /* AnalyticsTests.swift */,
			);
			path = HelpForMumTests;
			sourceTree = "<group>";
		};
		4D4ABB1F2C6A3D8F00E576C6 /* Views */ = {
			isa = PBXGroup;
			children = (
				4D4ABB392CA0539400E576C6 /* TabViewOfAll.swift */,
				4D4ABB222C6A3DF900E576C6 /* Home.swift */,
				4D4ABB242C6A3EB300E576C6 /* BreakfastLunchPoldnikDinnerHelp.swift */,
				4DEB6F052CD65BD20076D658 /* ListView.swift */,
				4DCB70ED2CD983CB00FCAB88 /* ChartView.swift */,
				4DCB70EB2CD978DA00FCAB88 /* ContactWithDeveloperView.swift */,
				4DCB71012CDD5C8C00FCAB88 /* Products */,
				4DCB71062CDD5D0100FCAB88 /* Meals */,
				4DCB71052CDD5CD700FCAB88 /* Reactions */,
				4DCB71082CDD5D5500FCAB88 /* FoodIntakes */,
				4DCB71072CDD5D2A00FCAB88 /* HeightAndWeight */,
			);
			path = Views;
			sourceTree = "<group>";
		};
		4D4ABB202C6A3D9D00E576C6 /* ViewModels */ = {
			isa = PBXGroup;
			children = (
				4D4ABB3D2CA05E2C00E576C6 /* Manager.swift */,
				4D4ABB3F2CA0677500E576C6 /* FoodIntakeViewModel.swift */,
				4D4ABB412CA9B88700E576C6 /* TimeOfFoodViewModel.swift */,
				4D4ABB3B2CA05DA700E576C6 /* ProductViewModel.swift */,
				4D4ABB4F2CD0ECBA00E576C6 /* ReactionViewModel.swift */,
				4DCB70F12CDB656300FCAB88 /* MealViewModel.swift */,
				4DEB6F012CD413F20076D658 /* AnalyticsOfReactionsAndProductsViewModel.swift */,
				4DEB6F092CD6F3A70076D658 /* HeightViewModel.swift */,
				4DEB6F172CD7DF3B0076D658 /* WeightViewModel.swift */,
			);
			path = ViewModels;
			sourceTree = "<group>";
		};
		4D4ABB212C6A3DB500E576C6 /* Models */ = {
			isa = PBXGroup;
			children = (
				4DCB70FE2CDC149A00FCAB88 /* DataContainer.xcdatamodeld */,
			);
			path = Models;
			sourceTree = "<group>";
		};
		4DCB71012CDD5C8C00FCAB88 /* Products */ = {
			isa = PBXGroup;
			children = (
				4D4ABB2A2C7CB4FC00E576C6 /* AddProductToBaseView.swift */,
				4D4ABB472CC4331900E576C6 /* AddProductToFoodIntakeView.swift */,
				4DCB71092CDFCF0F00FCAB88 /* EditProductView.swift */,
			);
			path = Products;
			sourceTree = "<group>";
		};
		4DCB71052CDD5CD700FCAB88 /* Reactions */ = {
			isa = PBXGroup;
			children = (
				4DEB6EFF2CD411BE0076D658 /* ReactionsView.swift */,
				4D4ABB512CD2855900E576C6 /* AddReactionToFoodIntakeView.swift */,
				4D4ABB2C2C7CBEE100E576C6 /* AddReactionToBaseView.swift */,
				4DCB710B2CDFD15F00FCAB88 /* EditReactionView.swift */,
			);
			path = Reactions;
			sourceTree = "<group>";
		};
		4DCB71062CDD5D0100FCAB88 /* Meals */ = {
			isa = PBXGroup;
			children = (
				4DCB70F32CDB776F00FCAB88 /* MealsView.swift */,
				4DCB70F52CDB7EEE00FCAB88 /* AddMealToFoodIntakeView.swift */,
				4DCB70F92CDBF87000FCAB88 /* MealStructureView.swift */,
				4DCB70F72CDBF14000FCAB88 /* AddMealToBaseView.swift */,
			);
			path = Meals;
			sourceTree = "<group>";
		};
		4DCB71072CDD5D2A00FCAB88 /* HeightAndWeight */ = {
			isa = PBXGroup;
			children = (
				4DEB6F112CD7DB6B0076D658 /* HeightAndWeightView.swift */,
				4DEB6F192CD8D70D0076D658 /* AddWeightView.swift */,
				4DEB6F0F2CD7D2190076D658 /* AddHeightView.swift */,
			);
			path = HeightAndWeight;
			sourceTree = "<group>";
		};
		4DCB71082CDD5D5500FCAB88 /* FoodIntakes */ = {
			isa = PBXGroup;
			children = (
				4D4ABB312C831C9400E576C6 /* ContentOfFoodIntakeView.swift */,
				4D4ABB4B2CCCCF3F00E576C6 /* AddFoodIntakeView.swift */,
			);
			path = FoodIntakes;
			sourceTree = "<group>";
		};
/* End PBXGroup section */

/* Begin PBXNativeTarget section */
		4D4ABAF12C63ECB600E576C6 /* HelpForMum */ = {
			isa = PBXNativeTarget;
			buildConfigurationList = 4D4ABB162C63ECB800E576C6 /* Build configuration list for PBXNativeTarget "HelpForMum" */;
			buildPhases = (
				4D4ABAEE2C63ECB600E576C6 /* Sources */,
				4D4ABAEF2C63ECB600E576C6 /* Frameworks */,
				4D4ABAF02C63ECB600E576C6 /* Resources */,
			);
			buildRules = (
			);
			dependencies = (
			);
			name = HelpForMum;
			productName = HelpForMum;
			productReference = 4D4ABAF22C63ECB600E576C6 /* HelpForMum.app */;
			productType = "com.apple.product-type.application";
		};
		4D4ABB012C63ECB800E576C6 /* HelpForMumTests */ = {
			isa = PBXNativeTarget;
			buildConfigurationList = 4D4ABB192C63ECB800E576C6 /* Build configuration list for PBXNativeTarget "HelpForMumTests" */;
			buildPhases = (
				4D4ABAFE2C63ECB800E576C6 /* Sources */,
				4D4ABAFF2C63ECB800E576C6 /* Frameworks */,
				4D4ABB002C63ECB800E576C6 /* Resources */,
			);
			buildRules = (
			);
			dependencies = (
				4D4ABB042C63ECB800E576C6 /* PBXTargetDependency */,
			);
			name = HelpForMumTests;
			productName = HelpForMumTests;
			productReference = 4D4ABB022C63ECB800E576C6 /* HelpForMumTests.xctest */;
			productType = "com.apple.product-type.bundle.unit-test";
		};
/* End PBXNativeTarget section */

/* Begin PBXProject section */
		4D4ABAEA2C63ECB600E576C6 /* Project object */ = {
			isa = PBXProject;
			attributes = {
				BuildIndependentTargetsInParallel = 1;
				LastSwiftUpdateCheck = 1540;
				LastUpgradeCheck = 1540;
				TargetAttributes = {
					4D4ABAF12C63ECB600E576C6 = {
						CreatedOnToolsVersion = 15.4;
					};
					4D4ABB012C63ECB800E576C6 = {
						CreatedOnToolsVersion = 15.4;
						TestTargetID = 4D4ABAF12C63ECB600E576C6;
					};
				};
			};
			buildConfigurationList = 4D4ABAED2C63ECB600E576C6 /* Build configuration list for PBXProject "HelpForMum" */;
			compatibilityVersion = "Xcode 14.0";
			developmentRegion = ru;
			hasScannedForEncodings = 0;
			knownRegions = (
				en,
				Base,
				ru,
			);
			mainGroup = 4D4ABAE92C63ECB600E576C6;
			productRefGroup = 4D4ABAF32C63ECB600E576C6 /* Products */;
			projectDirPath = "";
			projectRoot = "";
			targets = (
				4D4ABAF12C63ECB600E576C6 /* HelpForMum */,
				4D4ABB012C63ECB800E576C6 /* HelpForMumTests */,
			);
		};
/* End PBXProject section */

/* Begin PBXResourcesBuildPhase section */
		4D4ABAF02C63ECB600E576C6 /* Resources */ = {
			isa = PBXResourcesBuildPhase;
			buildActionMask = 2147483647;
			files = (
				4D4ABAFD2C63ECB700E576C6 /* Preview Assets.xcassets in Resources */,
				4D4ABAFA2C63ECB700E576C6 /* Assets.xcassets in Resources */,
			);
			runOnlyForDeploymentPostprocessing = 0;
		};
		4D4ABB002C63ECB800E576C6 /* Resources */ = {
			isa = PBXResourcesBuildPhase;
			buildActionMask = 2147483647;
			files = (
			);
			runOnlyForDeploymentPostprocessing = 0;
		};
/* End PBXResourcesBuildPhase section */

/* Begin PBXSourcesBuildPhase section */
		4D4ABAEE2C63ECB600E576C6 /* Sources */ = {
			isa = PBXSourcesBuildPhase;
			buildActionMask = 2147483647;
			files = (
				4DCB70F22CDB656300FCAB88 /* MealViewModel.swift in Sources */,
				4DCB710C2CDFD15F00FCAB88 /* EditReactionView.swift in Sources */,
				4D4ABB2D2C7CBEE100E576C6 /* AddReactionToBaseView.swift in Sources */,
				4DEB6F182CD7DF3B0076D658 /* WeightViewModel.swift in Sources */,
				4D4ABB502CD0ECBA00E576C6 /* ReactionViewModel.swift in Sources */,
				4D4ABB3A2CA0539400E576C6 /* TabViewOfAll.swift in Sources */,
				4D4ABB322C831C9400E576C6 /* ContentOfFoodIntakeView.swift in Sources */,
				4D4ABB482CC4331900E576C6 /* AddProductToFoodIntakeView.swift in Sources */,
				4DEB6F062CD65BD20076D658 /* ListView.swift in Sources */,
				4D4ABB402CA0677500E576C6 /* FoodIntakeViewModel.swift in Sources */,
				4D4ABB522CD2855900E576C6 /* AddReactionToFoodIntakeView.swift in Sources */,
				4DEB6F1A2CD8D70E0076D658 /* AddWeightView.swift in Sources */,
				4DEB6F002CD411BE0076D658 /* ReactionsView.swift in Sources */,
				4D4ABB3E2CA05E2C00E576C6 /* Manager.swift in Sources */,
				4DCB70EC2CD978DA00FCAB88 /* ContactWithDeveloperView.swift in Sources */,
				4D4ABB2B2C7CB4FC00E576C6 /* AddProductToBaseView.swift in Sources */,
				4D4ABB422CA9B88700E576C6 /* TimeOfFoodViewModel.swift in Sources */,
				4DCB71002CDC149A00FCAB88 /* DataContainer.xcdatamodeld in Sources */,
				4DCB70F62CDB7EEE00FCAB88 /* AddMealToFoodIntakeView.swift in Sources */,
				4DCB710A2CDFCF0F00FCAB88 /* EditProductView.swift in Sources */,
				4D4ABB3C2CA05DA700E576C6 /* ProductViewModel.swift in Sources */,
				4DEB6F022CD413F20076D658 /* AnalyticsOfReactionsAndProductsViewModel.swift in Sources */,
				4D4ABB232C6A3DF900E576C6 /* Home.swift in Sources */,
				4DCB70F42CDB776F00FCAB88 /* MealsView.swift in Sources */,
				4DEB6F122CD7DB6B0076D658 /* HeightAndWeightView.swift in Sources */,
				4DCB70FA2CDBF87000FCAB88 /* MealStructureView.swift in Sources */,
				4DCB70EE2CD983CB00FCAB88 /* ChartView.swift in Sources */,
				4DEB6F0A2CD6F3A70076D658 /* HeightViewModel.swift in Sources */,
				4D4ABAF62C63ECB600E576C6 /* HelpForMumApp.swift in Sources */,
				4DEB6F102CD7D2190076D658 /* AddHeightView.swift in Sources */,
				4DCB70F82CDBF14000FCAB88 /* AddMealToBaseView.swift in Sources */,
				4D4ABB4C2CCCCF3F00E576C6 /* AddFoodIntakeView.swift in Sources */,
				4D4ABB252C6A3EB300E576C6 /* BreakfastLunchPoldnikDinnerHelp.swift in Sources */,
			);
			runOnlyForDeploymentPostprocessing = 0;
		};
		4D4ABAFE2C63ECB800E576C6 /* Sources */ = {
			isa = PBXSourcesBuildPhase;
			buildActionMask = 2147483647;
			files = (
				4D4ABB442CC3F61100E576C6 /* FoodIntakeViewModelTests.swift in Sources */,
				4DCB71122CE1022600FCAB88 /* AnalyticsTests.swift in Sources */,
				4DCB71102CE0F6F300FCAB88 /* MealViewModelTests.swift in Sources */,
				4D4ABB462CC3FD5700E576C6 /* ProductViewModelTests.swift in Sources */,
				4D4ABB072C63ECB800E576C6 /* TimeOfFoodViewModelTests.swift in Sources */,
				4DCB710E2CE0342C00FCAB88 /* ReactionViewModelTests.swift in Sources */,
			);
			runOnlyForDeploymentPostprocessing = 0;
		};
/* End PBXSourcesBuildPhase section */

/* Begin PBXTargetDependency section */
		4D4ABB042C63ECB800E576C6 /* PBXTargetDependency */ = {
			isa = PBXTargetDependency;
			target = 4D4ABAF12C63ECB600E576C6 /* HelpForMum */;
			targetProxy = 4D4ABB032C63ECB800E576C6 /* PBXContainerItemProxy */;
		};
/* End PBXTargetDependency section */

/* Begin XCBuildConfiguration section */
		4D4ABB142C63ECB800E576C6 /* Debug */ = {
			isa = XCBuildConfiguration;
			buildSettings = {
				ALWAYS_SEARCH_USER_PATHS = NO;
				ASSETCATALOG_COMPILER_GENERATE_SWIFT_ASSET_SYMBOL_EXTENSIONS = YES;
				CLANG_ANALYZER_NONNULL = YES;
				CLANG_ANALYZER_NUMBER_OBJECT_CONVERSION = YES_AGGRESSIVE;
				CLANG_CXX_LANGUAGE_STANDARD = "gnu++20";
				CLANG_ENABLE_MODULES = YES;
				CLANG_ENABLE_OBJC_ARC = YES;
				CLANG_ENABLE_OBJC_WEAK = YES;
				CLANG_WARN_BLOCK_CAPTURE_AUTORELEASING = YES;
				CLANG_WARN_BOOL_CONVERSION = YES;
				CLANG_WARN_COMMA = YES;
				CLANG_WARN_CONSTANT_CONVERSION = YES;
				CLANG_WARN_DEPRECATED_OBJC_IMPLEMENTATIONS = YES;
				CLANG_WARN_DIRECT_OBJC_ISA_USAGE = YES_ERROR;
				CLANG_WARN_DOCUMENTATION_COMMENTS = YES;
				CLANG_WARN_EMPTY_BODY = YES;
				CLANG_WARN_ENUM_CONVERSION = YES;
				CLANG_WARN_INFINITE_RECURSION = YES;
				CLANG_WARN_INT_CONVERSION = YES;
				CLANG_WARN_NON_LITERAL_NULL_CONVERSION = YES;
				CLANG_WARN_OBJC_IMPLICIT_RETAIN_SELF = YES;
				CLANG_WARN_OBJC_LITERAL_CONVERSION = YES;
				CLANG_WARN_OBJC_ROOT_CLASS = YES_ERROR;
				CLANG_WARN_QUOTED_INCLUDE_IN_FRAMEWORK_HEADER = YES;
				CLANG_WARN_RANGE_LOOP_ANALYSIS = YES;
				CLANG_WARN_STRICT_PROTOTYPES = YES;
				CLANG_WARN_SUSPICIOUS_MOVE = YES;
				CLANG_WARN_UNGUARDED_AVAILABILITY = YES_AGGRESSIVE;
				CLANG_WARN_UNREACHABLE_CODE = YES;
				CLANG_WARN__DUPLICATE_METHOD_MATCH = YES;
				COPY_PHASE_STRIP = NO;
				DEBUG_INFORMATION_FORMAT = dwarf;
				ENABLE_STRICT_OBJC_MSGSEND = YES;
				ENABLE_TESTABILITY = YES;
				ENABLE_USER_SCRIPT_SANDBOXING = YES;
				GCC_C_LANGUAGE_STANDARD = gnu17;
				GCC_DYNAMIC_NO_PIC = NO;
				GCC_NO_COMMON_BLOCKS = YES;
				GCC_OPTIMIZATION_LEVEL = 0;
				GCC_PREPROCESSOR_DEFINITIONS = (
					"DEBUG=1",
					"$(inherited)",
				);
				GCC_WARN_64_TO_32_BIT_CONVERSION = YES;
				GCC_WARN_ABOUT_RETURN_TYPE = YES_ERROR;
				GCC_WARN_UNDECLARED_SELECTOR = YES;
				GCC_WARN_UNINITIALIZED_AUTOS = YES_AGGRESSIVE;
				GCC_WARN_UNUSED_FUNCTION = YES;
				GCC_WARN_UNUSED_VARIABLE = YES;
				IPHONEOS_DEPLOYMENT_TARGET = 17.5;
				LOCALIZATION_PREFERS_STRING_CATALOGS = YES;
				MTL_ENABLE_DEBUG_INFO = INCLUDE_SOURCE;
				MTL_FAST_MATH = YES;
				ONLY_ACTIVE_ARCH = YES;
				SDKROOT = iphoneos;
				SWIFT_ACTIVE_COMPILATION_CONDITIONS = "DEBUG $(inherited)";
				SWIFT_OPTIMIZATION_LEVEL = "-Onone";
			};
			name = Debug;
		};
		4D4ABB152C63ECB800E576C6 /* Release */ = {
			isa = XCBuildConfiguration;
			buildSettings = {
				ALWAYS_SEARCH_USER_PATHS = NO;
				ASSETCATALOG_COMPILER_GENERATE_SWIFT_ASSET_SYMBOL_EXTENSIONS = YES;
				CLANG_ANALYZER_NONNULL = YES;
				CLANG_ANALYZER_NUMBER_OBJECT_CONVERSION = YES_AGGRESSIVE;
				CLANG_CXX_LANGUAGE_STANDARD = "gnu++20";
				CLANG_ENABLE_MODULES = YES;
				CLANG_ENABLE_OBJC_ARC = YES;
				CLANG_ENABLE_OBJC_WEAK = YES;
				CLANG_WARN_BLOCK_CAPTURE_AUTORELEASING = YES;
				CLANG_WARN_BOOL_CONVERSION = YES;
				CLANG_WARN_COMMA = YES;
				CLANG_WARN_CONSTANT_CONVERSION = YES;
				CLANG_WARN_DEPRECATED_OBJC_IMPLEMENTATIONS = YES;
				CLANG_WARN_DIRECT_OBJC_ISA_USAGE = YES_ERROR;
				CLANG_WARN_DOCUMENTATION_COMMENTS = YES;
				CLANG_WARN_EMPTY_BODY = YES;
				CLANG_WARN_ENUM_CONVERSION = YES;
				CLANG_WARN_INFINITE_RECURSION = YES;
				CLANG_WARN_INT_CONVERSION = YES;
				CLANG_WARN_NON_LITERAL_NULL_CONVERSION = YES;
				CLANG_WARN_OBJC_IMPLICIT_RETAIN_SELF = YES;
				CLANG_WARN_OBJC_LITERAL_CONVERSION = YES;
				CLANG_WARN_OBJC_ROOT_CLASS = YES_ERROR;
				CLANG_WARN_QUOTED_INCLUDE_IN_FRAMEWORK_HEADER = YES;
				CLANG_WARN_RANGE_LOOP_ANALYSIS = YES;
				CLANG_WARN_STRICT_PROTOTYPES = YES;
				CLANG_WARN_SUSPICIOUS_MOVE = YES;
				CLANG_WARN_UNGUARDED_AVAILABILITY = YES_AGGRESSIVE;
				CLANG_WARN_UNREACHABLE_CODE = YES;
				CLANG_WARN__DUPLICATE_METHOD_MATCH = YES;
				COPY_PHASE_STRIP = NO;
				DEBUG_INFORMATION_FORMAT = "dwarf-with-dsym";
				ENABLE_NS_ASSERTIONS = NO;
				ENABLE_STRICT_OBJC_MSGSEND = YES;
				ENABLE_USER_SCRIPT_SANDBOXING = YES;
				GCC_C_LANGUAGE_STANDARD = gnu17;
				GCC_NO_COMMON_BLOCKS = YES;
				GCC_WARN_64_TO_32_BIT_CONVERSION = YES;
				GCC_WARN_ABOUT_RETURN_TYPE = YES_ERROR;
				GCC_WARN_UNDECLARED_SELECTOR = YES;
				GCC_WARN_UNINITIALIZED_AUTOS = YES_AGGRESSIVE;
				GCC_WARN_UNUSED_FUNCTION = YES;
				GCC_WARN_UNUSED_VARIABLE = YES;
				IPHONEOS_DEPLOYMENT_TARGET = 17.5;
				LOCALIZATION_PREFERS_STRING_CATALOGS = YES;
				MTL_ENABLE_DEBUG_INFO = NO;
				MTL_FAST_MATH = YES;
				SDKROOT = iphoneos;
				SWIFT_COMPILATION_MODE = wholemodule;
				VALIDATE_PRODUCT = YES;
			};
			name = Release;
		};
		4D4ABB172C63ECB800E576C6 /* Debug */ = {
			isa = XCBuildConfiguration;
			buildSettings = {
				ASSETCATALOG_COMPILER_APPICON_NAME = AppIcon;
				ASSETCATALOG_COMPILER_GLOBAL_ACCENT_COLOR_NAME = AccentColor;
				CODE_SIGN_STYLE = Automatic;
				CURRENT_PROJECT_VERSION = 1;
				DEVELOPMENT_ASSET_PATHS = "\"HelpForMum/Preview Content\"";
				DEVELOPMENT_TEAM = 24V82ZVXNX;
				ENABLE_PREVIEWS = YES;
				GENERATE_INFOPLIST_FILE = YES;
				INFOPLIST_KEY_UIApplicationSceneManifest_Generation = YES;
				INFOPLIST_KEY_UIApplicationSupportsIndirectInputEvents = YES;
				INFOPLIST_KEY_UILaunchScreen_Generation = YES;
				INFOPLIST_KEY_UISupportedInterfaceOrientations_iPad = "UIInterfaceOrientationPortrait UIInterfaceOrientationPortraitUpsideDown UIInterfaceOrientationLandscapeLeft UIInterfaceOrientationLandscapeRight";
				INFOPLIST_KEY_UISupportedInterfaceOrientations_iPhone = "UIInterfaceOrientationPortrait UIInterfaceOrientationLandscapeLeft UIInterfaceOrientationLandscapeRight";
				LD_RUNPATH_SEARCH_PATHS = (
					"$(inherited)",
					"@executable_path/Frameworks",
				);
				MARKETING_VERSION = 1.0;
				PRODUCT_BUNDLE_IDENTIFIER = com.nastyaZub.HelpForMum;
				PRODUCT_NAME = "$(TARGET_NAME)";
				SWIFT_EMIT_LOC_STRINGS = YES;
				SWIFT_VERSION = 5.0;
				TARGETED_DEVICE_FAMILY = "1,2";
			};
			name = Debug;
		};
		4D4ABB182C63ECB800E576C6 /* Release */ = {
			isa = XCBuildConfiguration;
			buildSettings = {
				ASSETCATALOG_COMPILER_APPICON_NAME = AppIcon;
				ASSETCATALOG_COMPILER_GLOBAL_ACCENT_COLOR_NAME = AccentColor;
				CODE_SIGN_STYLE = Automatic;
				CURRENT_PROJECT_VERSION = 1;
				DEVELOPMENT_ASSET_PATHS = "\"HelpForMum/Preview Content\"";
				DEVELOPMENT_TEAM = 24V82ZVXNX;
				ENABLE_PREVIEWS = YES;
				GENERATE_INFOPLIST_FILE = YES;
				INFOPLIST_KEY_UIApplicationSceneManifest_Generation = YES;
				INFOPLIST_KEY_UIApplicationSupportsIndirectInputEvents = YES;
				INFOPLIST_KEY_UILaunchScreen_Generation = YES;
				INFOPLIST_KEY_UISupportedInterfaceOrientations_iPad = "UIInterfaceOrientationPortrait UIInterfaceOrientationPortraitUpsideDown UIInterfaceOrientationLandscapeLeft UIInterfaceOrientationLandscapeRight";
				INFOPLIST_KEY_UISupportedInterfaceOrientations_iPhone = "UIInterfaceOrientationPortrait UIInterfaceOrientationLandscapeLeft UIInterfaceOrientationLandscapeRight";
				LD_RUNPATH_SEARCH_PATHS = (
					"$(inherited)",
					"@executable_path/Frameworks",
				);
				MARKETING_VERSION = 1.0;
				PRODUCT_BUNDLE_IDENTIFIER = com.nastyaZub.HelpForMum;
				PRODUCT_NAME = "$(TARGET_NAME)";
				SWIFT_EMIT_LOC_STRINGS = YES;
				SWIFT_VERSION = 5.0;
				TARGETED_DEVICE_FAMILY = "1,2";
			};
			name = Release;
		};
		4D4ABB1A2C63ECB800E576C6 /* Debug */ = {
			isa = XCBuildConfiguration;
			buildSettings = {
				ALWAYS_EMBED_SWIFT_STANDARD_LIBRARIES = YES;
				BUNDLE_LOADER = "$(TEST_HOST)";
				CODE_SIGN_STYLE = Automatic;
				CURRENT_PROJECT_VERSION = 1;
				DEVELOPMENT_TEAM = 24V82ZVXNX;
				GENERATE_INFOPLIST_FILE = YES;
				IPHONEOS_DEPLOYMENT_TARGET = 17.5;
				MARKETING_VERSION = 1.0;
				PRODUCT_BUNDLE_IDENTIFIER = com.nastyaZub.HelpForMumTests;
				PRODUCT_NAME = "$(TARGET_NAME)";
				SWIFT_EMIT_LOC_STRINGS = NO;
				SWIFT_VERSION = 5.0;
				TARGETED_DEVICE_FAMILY = "1,2";
				TEST_HOST = "$(BUILT_PRODUCTS_DIR)/HelpForMum.app/$(BUNDLE_EXECUTABLE_FOLDER_PATH)/HelpForMum";
			};
			name = Debug;
		};
		4D4ABB1B2C63ECB800E576C6 /* Release */ = {
			isa = XCBuildConfiguration;
			buildSettings = {
				ALWAYS_EMBED_SWIFT_STANDARD_LIBRARIES = YES;
				BUNDLE_LOADER = "$(TEST_HOST)";
				CODE_SIGN_STYLE = Automatic;
				CURRENT_PROJECT_VERSION = 1;
				DEVELOPMENT_TEAM = 24V82ZVXNX;
				GENERATE_INFOPLIST_FILE = YES;
				IPHONEOS_DEPLOYMENT_TARGET = 17.5;
				MARKETING_VERSION = 1.0;
				PRODUCT_BUNDLE_IDENTIFIER = com.nastyaZub.HelpForMumTests;
				PRODUCT_NAME = "$(TARGET_NAME)";
				SWIFT_EMIT_LOC_STRINGS = NO;
				SWIFT_VERSION = 5.0;
				TARGETED_DEVICE_FAMILY = "1,2";
				TEST_HOST = "$(BUILT_PRODUCTS_DIR)/HelpForMum.app/$(BUNDLE_EXECUTABLE_FOLDER_PATH)/HelpForMum";
			};
			name = Release;
		};
/* End XCBuildConfiguration section */

/* Begin XCConfigurationList section */
		4D4ABAED2C63ECB600E576C6 /* Build configuration list for PBXProject "HelpForMum" */ = {
			isa = XCConfigurationList;
			buildConfigurations = (
				4D4ABB142C63ECB800E576C6 /* Debug */,
				4D4ABB152C63ECB800E576C6 /* Release */,
			);
			defaultConfigurationIsVisible = 0;
			defaultConfigurationName = Release;
		};
		4D4ABB162C63ECB800E576C6 /* Build configuration list for PBXNativeTarget "HelpForMum" */ = {
			isa = XCConfigurationList;
			buildConfigurations = (
				4D4ABB172C63ECB800E576C6 /* Debug */,
				4D4ABB182C63ECB800E576C6 /* Release */,
			);
			defaultConfigurationIsVisible = 0;
			defaultConfigurationName = Release;
		};
		4D4ABB192C63ECB800E576C6 /* Build configuration list for PBXNativeTarget "HelpForMumTests" */ = {
			isa = XCConfigurationList;
			buildConfigurations = (
				4D4ABB1A2C63ECB800E576C6 /* Debug */,
				4D4ABB1B2C63ECB800E576C6 /* Release */,
			);
			defaultConfigurationIsVisible = 0;
			defaultConfigurationName = Release;
		};
/* End XCConfigurationList section */

/* Begin XCVersionGroup section */
		4DCB70FE2CDC149A00FCAB88 /* DataContainer.xcdatamodeld */ = {
			isa = XCVersionGroup;
			children = (
				4DCB70FF2CDC149A00FCAB88 /* Model.xcdatamodel */,
			);
			currentVersion = 4DCB70FF2CDC149A00FCAB88 /* Model.xcdatamodel */;
			path = DataContainer.xcdatamodeld;
			sourceTree = "<group>";
			versionGroupType = wrapper.xcdatamodel;
		};
/* End XCVersionGroup section */
	};
	rootObject = 4D4ABAEA2C63ECB600E576C6 /* Project object */;
}
